{
  "name": "PurpleNime",
  "lockfileVersion": 3,
  "requires": true,
  "packages": {
    "": {
      "dependencies": {
        "vidstack": "^0.6.13"
      }
    },
    "node_modules/@maverick-js/signals": {
      "version": "5.11.2",
      "resolved": "https://registry.npmjs.org/@maverick-js/signals/-/signals-5.11.2.tgz",
      "integrity": "sha512-jKAyNE2O7H+xrigPoqdV0Iq2AeQ6cysfBf/b2jasJ4FfCUKjGyazgtp+pIspTW6skFvpPrvq40Qft+7HuR+Tlg=="
    },
    "node_modules/maverick.js": {
      "version": "0.37.0",
      "resolved": "https://registry.npmjs.org/maverick.js/-/maverick.js-0.37.0.tgz",
      "integrity": "sha512-1Dk/9rienLiihlktVvH04ADC2UJTMflC1fOMVQCCaQAaz7hgzDI5i0p/arFbDM52hFFiIcq4RdXtYz47SgsLgw==",
      "dependencies": {
        "@maverick-js/signals": "^5.10.3",
        "type-fest": "^3.8.0"
      },
      "engines": {
        "node": ">=16"
      }
    },
    "node_modules/media-captions": {
      "version": "0.0.18",
      "resolved": "https://registry.npmjs.org/media-captions/-/media-captions-0.0.18.tgz",
      "integrity": "sha512-JW18P6FuHdyLSGwC4TQ0kF3WdNj/+wMw2cKOb8BnmY6vSJGtnwJ+vkYj+IjHOV34j3XMc70HDeB/QYKR7E7fuQ==",
      "engines": {
        "node": ">=16"
      }
    },
    "node_modules/type-fest": {
      "version": "3.13.1",
      "resolved": "https://registry.npmjs.org/type-fest/-/type-fest-3.13.1.tgz",
      "integrity": "sha512-tLq3bSNx+xSpwvAJnzrK0Ep5CLNWjvFTOp71URMaAEWBfRb9nnJiBoUe0tF8bI4ZFO3omgBR6NvnbzVUT3Ly4g==",
      "engines": {
        "node": ">=14.16"
      },
      "funding": {
        "url": "https://github.com/sponsors/sindresorhus"
      }
    },
    "node_modules/vidstack": {
      "version": "0.6.13",
      "resolved": "https://registry.npmjs.org/vidstack/-/vidstack-0.6.13.tgz",
      "integrity": "sha512-g5wH6Hfc4EQqOI0Mm7qW4D1DWPZfQnlATLZuqpuVAKI8HOz4UGfd1v48MLK9cR+ZfPjVL4/iZLu7YOIdSX3L2g==",
      "dependencies": {
        "maverick.js": "0.37.0",
        "media-captions": "0.0.18",
        "type-fest": "^3.8.0"
      },
      "engines": {
        "node": ">=16"
      }
    }
  }
}
